
Microsoft Visual Studio Solution File, Format Version 12.00
# Visual Studio Version 16
VisualStudioVersion = 16.0.30114.105
MinimumVisualStudioVersion = 10.0.40219.1
Project("{FAE04EC0-301F-11D3-BF4B-00C04F79EFBC}") = "ProjetoIntegrador5", "ProjetoIntegrador5\ProjetoIntegrador5.csproj", "{4F5C45D2-19CC-4ECE-A7FB-BFED491D282B}"
EndProject
Global
	GlobalSection(SolutionConfigurationPlatforms) = preSolution
		Debug|Any CPU = Debug|Any CPU
		Release|Any CPU = Release|Any CPU
	EndGlobalSection
	GlobalSection(ProjectConfigurationPlatforms) = postSolution
		{4F5C45D2-19CC-4ECE-A7FB-BFED491D282B}.Debug|Any CPU.ActiveCfg = Debug|Any CPU
		{4F5C45D2-19CC-4ECE-A7FB-BFED491D282B}.Debug|Any CPU.Build.0 = Debug|Any CPU
		{4F5C45D2-19CC-4ECE-A7FB-BFED491D282B}.Release|Any CPU.ActiveCfg = Release|Any CPU
		{4F5C45D2-19CC-4ECE-A7FB-BFED491D282B}.Release|Any CPU.Build.0 = Release|Any CPU
	EndGlobalSection
	GlobalSection(SolutionProperties) = preSolution
		HideSolutionNode = FALSE
	EndGlobalSection
	GlobalSection(ExtensibilityGlobals) = postSolution
		SolutionGuid = {E0EB067C-419B-4771-A04A-32F6A1BC9448}
	EndGlobalSection
	
EndGlobal
